<?xml version="1.0" encoding="utf-8"?>
<Project ToolsVersion="4.0" xmlns="http://schemas.microsoft.com/developer/msbuild/2003">
  <ItemGroup>
    <Filter Include="Resource Files">
      <UniqueIdentifier>{67DA6AB6-F800-4c08-8B7A-83BB121AAD01}</UniqueIdentifier>
      <Extensions>rc;ico;cur;bmp;dlg;rc2;rct;bin;rgs;gif;jpg;jpeg;jpe;resx;tiff;tif;png;wav;mfcribbon-ms</Extensions>
    </Filter>
    <Filter Include="core">
      <UniqueIdentifier>{f42a416d-40cd-4039-b847-9f0b7bd3149b}</UniqueIdentifier>
    </Filter>
    <Filter Include="core\headers">
      <UniqueIdentifier>{d02bdf4c-03f4-4ed8-be05-2d8e530465a2}</UniqueIdentifier>
    </Filter>
    <Filter Include="core\src">
      <UniqueIdentifier>{3168c277-4dc3-4ff7-913d-81af47706c76}</UniqueIdentifier>
    </Filter>
    <Filter Include="main">
      <UniqueIdentifier>{4FC737F1-C7A5-4376-A066-2A32D752A2FF}</UniqueIdentifier>
      <Extensions>cpp;c;cc;cxx;def;odl;idl;hpj;bat;asm;asmx</Extensions>
    </Filter>
  </ItemGroup>
  <ItemGroup>
    <ClCompile Include="main.cpp">
      <Filter>main</Filter>
    </ClCompile>
    <ClCompile Include="glad.c">
      <Filter>main</Filter>
    </ClCompile>
    <ClCompile Include="core\camera.cpp">
      <Filter>core\src</Filter>
    </ClCompile>
    <ClCompile Include="core\component.cpp">
      <Filter>core\src</Filter>
    </ClCompile>
    <ClCompile Include="core\entity.cpp">
      <Filter>core\src</Filter>
    </ClCompile>
    <ClCompile Include="core\id_generator.cpp">
      <Filter>core\src</Filter>
    </ClCompile>
    <ClCompile Include="core\input.cpp">
      <Filter>core\src</Filter>
    </ClCompile>
    <ClCompile Include="core\key.cpp">
      <Filter>core\src</Filter>
    </ClCompile>
    <ClCompile Include="core\oakitus.cpp">
      <Filter>core\src</Filter>
    </ClCompile>
    <ClCompile Include="core\ray.cpp">
      <Filter>core\src</Filter>
    </ClCompile>
    <ClCompile Include="core\scene.cpp">
      <Filter>core\src</Filter>
    </ClCompile>
    <ClCompile Include="core\script.cpp">
      <Filter>core\src</Filter>
    </ClCompile>
    <ClCompile Include="core\sprite.cpp">
      <Filter>core\src</Filter>
    </ClCompile>
    <ClCompile Include="core\texture.cpp">
      <Filter>core\src</Filter>
    </ClCompile>
    <ClCompile Include="core\time.cpp">
      <Filter>core\src</Filter>
    </ClCompile>
    <ClCompile Include="core\vector2.cpp">
      <Filter>core\src</Filter>
    </ClCompile>
    <ClCompile Include="core\vector3.cpp">
      <Filter>core\src</Filter>
    </ClCompile>
    <ClCompile Include="game.cpp">
      <Filter>main</Filter>
    </ClCompile>
    <ClCompile Include="move_script.cpp">
      <Filter>main</Filter>
    </ClCompile>
    <ClCompile Include="sample_scene.cpp">
      <Filter>main</Filter>
    </ClCompile>
    <ClCompile Include="core\gl_window.cpp">
      <Filter>core\src</Filter>
    </ClCompile>
  </ItemGroup>
  <ItemGroup>
    <ClInclude Include="core\camera.h">
      <Filter>core\headers</Filter>
    </ClInclude>
    <ClInclude Include="core\component.h">
      <Filter>core\headers</Filter>
    </ClInclude>
    <ClInclude Include="core\entity.h">
      <Filter>core\headers</Filter>
    </ClInclude>
    <ClInclude Include="core\gl_window.h">
      <Filter>core\headers</Filter>
    </ClInclude>
    <ClInclude Include="core\id_generator.h">
      <Filter>core\headers</Filter>
    </ClInclude>
    <ClInclude Include="core\input.h">
      <Filter>core\headers</Filter>
    </ClInclude>
    <ClInclude Include="core\key.h">
      <Filter>core\headers</Filter>
    </ClInclude>
    <ClInclude Include="core\key_code.h">
      <Filter>core\headers</Filter>
    </ClInclude>
    <ClInclude Include="core\oakitus.h">
      <Filter>core\headers</Filter>
    </ClInclude>
    <ClInclude Include="core\ray.h">
      <Filter>core\headers</Filter>
    </ClInclude>
    <ClInclude Include="core\scene.h">
      <Filter>core\headers</Filter>
    </ClInclude>
    <ClInclude Include="core\script.h">
      <Filter>core\headers</Filter>
    </ClInclude>
    <ClInclude Include="core\shader.h">
      <Filter>core\headers</Filter>
    </ClInclude>
    <ClInclude Include="core\sprite.h">
      <Filter>core\headers</Filter>
    </ClInclude>
    <ClInclude Include="core\stb_image.h">
      <Filter>core\headers</Filter>
    </ClInclude>
    <ClInclude Include="core\texture.h">
      <Filter>core\headers</Filter>
    </ClInclude>
    <ClInclude Include="core\time.h">
      <Filter>core\headers</Filter>
    </ClInclude>
    <ClInclude Include="core\types.h">
      <Filter>core\headers</Filter>
    </ClInclude>
    <ClInclude Include="core\vector2.h">
      <Filter>core\headers</Filter>
    </ClInclude>
    <ClInclude Include="core\vector3.h">
      <Filter>core\headers</Filter>
    </ClInclude>
    <ClInclude Include="game.h">
      <Filter>main</Filter>
    </ClInclude>
    <ClInclude Include="sample_scene.h">
      <Filter>main</Filter>
    </ClInclude>
    <ClInclude Include="move_script.h">
      <Filter>main</Filter>
    </ClInclude>
  </ItemGroup>
  <ItemGroup>
    <Image Include="cave.png">
      <Filter>Resource Files</Filter>
    </Image>
    <Image Include="wall.jpg">
      <Filter>Resource Files</Filter>
    </Image>
    <Image Include="face.png">
      <Filter>Resource Files</Filter>
    </Image>
  </ItemGroup>
</Project>