<?xml version="1.0" encoding="utf-8"?>
<Project ToolsVersion="4.0" xmlns="http://schemas.microsoft.com/developer/msbuild/2003">
  <ItemGroup>
    <Filter Include="Resource Files">
      <UniqueIdentifier>{67DA6AB6-F800-4c08-8B7A-83BB121AAD01}</UniqueIdentifier>
      <Extensions>rc;ico;cur;bmp;dlg;rc2;rct;bin;rgs;gif;jpg;jpeg;jpe;resx;tiff;tif;png;wav;mfcribbon-ms</Extensions>
    </Filter>
    <Filter Include="core">
      <UniqueIdentifier>{f42a416d-40cd-4039-b847-9f0b7bd3149b}</UniqueIdentifier>
    </Filter>
    <Filter Include="core\headers">
      <UniqueIdentifier>{d02bdf4c-03f4-4ed8-be05-2d8e530465a2}</UniqueIdentifier>
    </Filter>
    <Filter Include="core\src">
      <UniqueIdentifier>{3168c277-4dc3-4ff7-913d-81af47706c76}</UniqueIdentifier>
    </Filter>
    <Filter Include="main">
      <UniqueIdentifier>{4FC737F1-C7A5-4376-A066-2A32D752A2FF}</UniqueIdentifier>
      <Extensions>cpp;c;cc;cxx;def;odl;idl;hpj;bat;asm;asmx</Extensions>
    </Filter>
  </ItemGroup>
  <ItemGroup>
    <ClCompile Include="main.cpp">
      <Filter>main</Filter>
    </ClCompile>
    <ClCompile Include="MoveScript.cpp">
      <Filter>main</Filter>
    </ClCompile>
    <ClCompile Include="SampleScene.cpp">
      <Filter>main</Filter>
    </ClCompile>
    <ClCompile Include="core\Camera.cpp">
      <Filter>core\src</Filter>
    </ClCompile>
    <ClCompile Include="core\Component.cpp">
      <Filter>core\src</Filter>
    </ClCompile>
    <ClCompile Include="core\Entity.cpp">
      <Filter>core\src</Filter>
    </ClCompile>
    <ClCompile Include="core\GLWindow.cpp">
      <Filter>core\src</Filter>
    </ClCompile>
    <ClCompile Include="core\IDGenerator.cpp">
      <Filter>core\src</Filter>
    </ClCompile>
    <ClCompile Include="core\Input.cpp">
      <Filter>core\src</Filter>
    </ClCompile>
    <ClCompile Include="core\Key.cpp">
      <Filter>core\src</Filter>
    </ClCompile>
    <ClCompile Include="core\Oakitus.cpp">
      <Filter>core\src</Filter>
    </ClCompile>
    <ClCompile Include="core\Ray.cpp">
      <Filter>core\src</Filter>
    </ClCompile>
    <ClCompile Include="core\Scene.cpp">
      <Filter>core\src</Filter>
    </ClCompile>
    <ClCompile Include="core\Script.cpp">
      <Filter>core\src</Filter>
    </ClCompile>
    <ClCompile Include="core\Sprite.cpp">
      <Filter>core\src</Filter>
    </ClCompile>
    <ClCompile Include="core\Texture.cpp">
      <Filter>core\src</Filter>
    </ClCompile>
    <ClCompile Include="core\Time.cpp">
      <Filter>core\src</Filter>
    </ClCompile>
    <ClCompile Include="core\Vector2.cpp">
      <Filter>core\src</Filter>
    </ClCompile>
    <ClCompile Include="core\Vector3.cpp">
      <Filter>core\src</Filter>
    </ClCompile>
    <ClCompile Include="Game.cpp">
      <Filter>main</Filter>
    </ClCompile>
    <ClCompile Include="glad.c">
      <Filter>main</Filter>
    </ClCompile>
  </ItemGroup>
  <ItemGroup>
    <ClInclude Include="core\Camera.h">
      <Filter>core\headers</Filter>
    </ClInclude>
    <ClInclude Include="core\Component.h">
      <Filter>core\headers</Filter>
    </ClInclude>
    <ClInclude Include="core\Entity.h">
      <Filter>core\headers</Filter>
    </ClInclude>
    <ClInclude Include="core\GLWindow.h">
      <Filter>core\headers</Filter>
    </ClInclude>
    <ClInclude Include="core\IDGenerator.h">
      <Filter>core\headers</Filter>
    </ClInclude>
    <ClInclude Include="core\Input.h">
      <Filter>core\headers</Filter>
    </ClInclude>
    <ClInclude Include="core\Key.h">
      <Filter>core\headers</Filter>
    </ClInclude>
    <ClInclude Include="core\KeyCode.h">
      <Filter>core\headers</Filter>
    </ClInclude>
    <ClInclude Include="core\Oakitus.h">
      <Filter>core\headers</Filter>
    </ClInclude>
    <ClInclude Include="core\Ray.h">
      <Filter>core\headers</Filter>
    </ClInclude>
    <ClInclude Include="core\Scene.h">
      <Filter>core\headers</Filter>
    </ClInclude>
    <ClInclude Include="core\Script.h">
      <Filter>core\headers</Filter>
    </ClInclude>
    <ClInclude Include="core\Shader.h">
      <Filter>core\headers</Filter>
    </ClInclude>
    <ClInclude Include="core\Sprite.h">
      <Filter>core\headers</Filter>
    </ClInclude>
    <ClInclude Include="core\stb_image.h">
      <Filter>core\headers</Filter>
    </ClInclude>
    <ClInclude Include="core\Texture.h">
      <Filter>core\headers</Filter>
    </ClInclude>
    <ClInclude Include="core\Time.h">
      <Filter>core\headers</Filter>
    </ClInclude>
    <ClInclude Include="core\Vector2.h">
      <Filter>core\headers</Filter>
    </ClInclude>
    <ClInclude Include="core\Vector3.h">
      <Filter>core\headers</Filter>
    </ClInclude>
    <ClInclude Include="Game.h">
      <Filter>main</Filter>
    </ClInclude>
    <ClInclude Include="MoveScript.h">
      <Filter>main</Filter>
    </ClInclude>
    <ClInclude Include="SampleScene.h">
      <Filter>main</Filter>
    </ClInclude>
    <ClInclude Include="core\Types.h">
      <Filter>core\headers</Filter>
    </ClInclude>
  </ItemGroup>
  <ItemGroup>
    <Image Include="cave.png">
      <Filter>Resource Files</Filter>
    </Image>
    <Image Include="wall.jpg">
      <Filter>Resource Files</Filter>
    </Image>
    <Image Include="face.png">
      <Filter>Resource Files</Filter>
    </Image>
  </ItemGroup>
</Project>