<?xml version="1.0" encoding="utf-8"?>
<Project ToolsVersion="4.0" xmlns="http://schemas.microsoft.com/developer/msbuild/2003">
  <ItemGroup>
    <Filter Include="main">
      <UniqueIdentifier>{4FC737F1-C7A5-4376-A066-2A32D752A2FF}</UniqueIdentifier>
      <Extensions>cpp;c;cc;cxx;def;odl;idl;hpj;bat;asm;asmx</Extensions>
    </Filter>
    <Filter Include="oak">
      <UniqueIdentifier>{81245755-1724-4ccf-b605-0ffb85dc6d05}</UniqueIdentifier>
    </Filter>
    <Filter Include="oak\core">
      <UniqueIdentifier>{f42a416d-40cd-4039-b847-9f0b7bd3149b}</UniqueIdentifier>
    </Filter>
    <Filter Include="xml">
      <UniqueIdentifier>{b073a5de-c1d0-4e34-b8ca-4ee04d128a6f}</UniqueIdentifier>
    </Filter>
  </ItemGroup>
  <ItemGroup>
    <ClCompile Include="main.cpp">
      <Filter>main</Filter>
    </ClCompile>
    <ClCompile Include="glad.c">
      <Filter>main</Filter>
    </ClCompile>
    <ClCompile Include="game.cpp">
      <Filter>main</Filter>
    </ClCompile>
    <ClCompile Include="move_script.cpp">
      <Filter>main</Filter>
    </ClCompile>
    <ClCompile Include="sample_scene.cpp">
      <Filter>main</Filter>
    </ClCompile>
    <ClCompile Include="oak\core\camera.cpp">
      <Filter>oak\core</Filter>
    </ClCompile>
    <ClCompile Include="oak\core\component.cpp">
      <Filter>oak\core</Filter>
    </ClCompile>
    <ClCompile Include="oak\core\entity.cpp">
      <Filter>oak\core</Filter>
    </ClCompile>
    <ClCompile Include="oak\core\id_generator.cpp">
      <Filter>oak\core</Filter>
    </ClCompile>
    <ClCompile Include="oak\core\input.cpp">
      <Filter>oak\core</Filter>
    </ClCompile>
    <ClCompile Include="oak\core\key.cpp">
      <Filter>oak\core</Filter>
    </ClCompile>
    <ClCompile Include="oak\core\ray.cpp">
      <Filter>oak\core</Filter>
    </ClCompile>
    <ClCompile Include="oak\core\scene.cpp">
      <Filter>oak\core</Filter>
    </ClCompile>
    <ClCompile Include="oak\core\script.cpp">
      <Filter>oak\core</Filter>
    </ClCompile>
    <ClCompile Include="oak\core\sprite.cpp">
      <Filter>oak\core</Filter>
    </ClCompile>
    <ClCompile Include="oak\core\texture.cpp">
      <Filter>oak\core</Filter>
    </ClCompile>
    <ClCompile Include="oak\core\time.cpp">
      <Filter>oak\core</Filter>
    </ClCompile>
    <ClCompile Include="oak\core\point.cpp">
      <Filter>oak\core</Filter>
    </ClCompile>
    <ClCompile Include="oak\core\resources.cpp">
      <Filter>oak\core</Filter>
    </ClCompile>
    <ClCompile Include="player.cpp">
      <Filter>main</Filter>
    </ClCompile>
    <ClCompile Include="oak\xml\xml_node.cpp">
      <Filter>xml</Filter>
    </ClCompile>
    <ClCompile Include="oak\xml\xml_parser.cpp">
      <Filter>xml</Filter>
    </ClCompile>
    <ClCompile Include="map_loader.cpp">
      <Filter>main</Filter>
    </ClCompile>
    <ClCompile Include="world.cpp">
      <Filter>main</Filter>
    </ClCompile>
    <ClCompile Include="layer.cpp">
      <Filter>main</Filter>
    </ClCompile>
    <ClCompile Include="tile.cpp">
      <Filter>main</Filter>
    </ClCompile>
    <ClCompile Include="chunk.cpp">
      <Filter>main</Filter>
    </ClCompile>
    <ClCompile Include="oak\core\window.cpp">
      <Filter>oak\core</Filter>
    </ClCompile>
    <ClCompile Include="bounds.cpp">
      <Filter>main</Filter>
    </ClCompile>
    <ClCompile Include="oak\core\debug.cpp">
      <Filter>oak\core</Filter>
    </ClCompile>
    <ClCompile Include="oak\core\oakitus.cpp">
      <Filter>oak\core</Filter>
    </ClCompile>
  </ItemGroup>
  <ItemGroup>
    <ClInclude Include="sample_scene.h">
      <Filter>main</Filter>
    </ClInclude>
    <ClInclude Include="move_script.h">
      <Filter>main</Filter>
    </ClInclude>
    <ClInclude Include="oak\core\camera.h">
      <Filter>oak\core</Filter>
    </ClInclude>
    <ClInclude Include="oak\core\component.h">
      <Filter>oak\core</Filter>
    </ClInclude>
    <ClInclude Include="oak\core\entity.h">
      <Filter>oak\core</Filter>
    </ClInclude>
    <ClInclude Include="oak\core\id_generator.h">
      <Filter>oak\core</Filter>
    </ClInclude>
    <ClInclude Include="oak\core\input.h">
      <Filter>oak\core</Filter>
    </ClInclude>
    <ClInclude Include="oak\core\key.h">
      <Filter>oak\core</Filter>
    </ClInclude>
    <ClInclude Include="oak\core\key_code.h">
      <Filter>oak\core</Filter>
    </ClInclude>
    <ClInclude Include="oak\core\ray.h">
      <Filter>oak\core</Filter>
    </ClInclude>
    <ClInclude Include="oak\core\scene.h">
      <Filter>oak\core</Filter>
    </ClInclude>
    <ClInclude Include="oak\core\script.h">
      <Filter>oak\core</Filter>
    </ClInclude>
    <ClInclude Include="oak\core\shader.h">
      <Filter>oak\core</Filter>
    </ClInclude>
    <ClInclude Include="oak\core\sprite.h">
      <Filter>oak\core</Filter>
    </ClInclude>
    <ClInclude Include="oak\core\stb_image.h">
      <Filter>oak\core</Filter>
    </ClInclude>
    <ClInclude Include="oak\core\texture.h">
      <Filter>oak\core</Filter>
    </ClInclude>
    <ClInclude Include="oak\core\time.h">
      <Filter>oak\core</Filter>
    </ClInclude>
    <ClInclude Include="oak\core\types.h">
      <Filter>oak\core</Filter>
    </ClInclude>
    <ClInclude Include="oak\oak.h">
      <Filter>oak</Filter>
    </ClInclude>
    <ClInclude Include="oak\init.h">
      <Filter>oak</Filter>
    </ClInclude>
    <ClInclude Include="oak\core\point.h">
      <Filter>oak\core</Filter>
    </ClInclude>
    <ClInclude Include="oak\core\resources.h">
      <Filter>oak\core</Filter>
    </ClInclude>
    <ClInclude Include="oak\game.h">
      <Filter>oak</Filter>
    </ClInclude>
    <ClInclude Include="player.h">
      <Filter>main</Filter>
    </ClInclude>
    <ClInclude Include="oak\xml\xml_node.h">
      <Filter>xml</Filter>
    </ClInclude>
    <ClInclude Include="oak\xml\xml_parser.h">
      <Filter>xml</Filter>
    </ClInclude>
    <ClInclude Include="tile.h">
      <Filter>main</Filter>
    </ClInclude>
    <ClInclude Include="map_loader.h">
      <Filter>main</Filter>
    </ClInclude>
    <ClInclude Include="chunk.h">
      <Filter>main</Filter>
    </ClInclude>
    <ClInclude Include="world.h">
      <Filter>main</Filter>
    </ClInclude>
    <ClInclude Include="layer.h">
      <Filter>main</Filter>
    </ClInclude>
    <ClInclude Include="oak\core\window.h">
      <Filter>oak\core</Filter>
    </ClInclude>
    <ClInclude Include="bounds.h">
      <Filter>main</Filter>
    </ClInclude>
    <ClInclude Include="oak\core\debug.h">
      <Filter>oak\core</Filter>
    </ClInclude>
    <ClInclude Include="oak\core\oakitus.h">
      <Filter>oak\core</Filter>
    </ClInclude>
  </ItemGroup>
  <ItemGroup>
    <Xml Include="res\test.xml">
      <Filter>main</Filter>
    </Xml>
    <Xml Include="res\map.xml">
      <Filter>main</Filter>
    </Xml>
    <Xml Include="res\bugfix.xml">
      <Filter>main</Filter>
    </Xml>
    <Xml Include="res\map2.xml">
      <Filter>main</Filter>
    </Xml>
  </ItemGroup>
</Project>