<?xml version="1.0" encoding="utf-8"?>
<Project ToolsVersion="4.0" xmlns="http://schemas.microsoft.com/developer/msbuild/2003">
  <ItemGroup>
    <Filter Include="oak">
      <UniqueIdentifier>{e09b5763-12e2-4e09-aaf5-0aca78bb5ef8}</UniqueIdentifier>
    </Filter>
    <Filter Include="oak\collision">
      <UniqueIdentifier>{81989cd5-c637-4fba-b054-f7ba9af73770}</UniqueIdentifier>
    </Filter>
    <Filter Include="oak\components">
      <UniqueIdentifier>{741ab040-e30f-44e6-803b-d2e65228b129}</UniqueIdentifier>
    </Filter>
    <Filter Include="oak\core">
      <UniqueIdentifier>{7d3be42c-6162-45fe-b815-74c94c35e59d}</UniqueIdentifier>
    </Filter>
    <Filter Include="oak\debug">
      <UniqueIdentifier>{c1330179-69d7-4c55-8b30-94291d911d0b}</UniqueIdentifier>
    </Filter>
    <Filter Include="oak\event">
      <UniqueIdentifier>{e520daa7-e197-4ade-bf1c-25e4d5d82ed9}</UniqueIdentifier>
    </Filter>
    <Filter Include="oak\ui">
      <UniqueIdentifier>{0b4fc661-3a9c-483a-b90e-2d04ed8fe1dc}</UniqueIdentifier>
    </Filter>
    <Filter Include="oak\xml">
      <UniqueIdentifier>{3b68cade-70c9-4822-bce9-520dc088195f}</UniqueIdentifier>
    </Filter>
    <Filter Include="projects">
      <UniqueIdentifier>{765a8bfe-8b0d-41ab-bde5-2e104b810237}</UniqueIdentifier>
    </Filter>
    <Filter Include="oak\meta">
      <UniqueIdentifier>{30fe0a4d-da9e-4022-981f-220656161127}</UniqueIdentifier>
    </Filter>
    <Filter Include="oak\assets">
      <UniqueIdentifier>{fb350887-a66e-4ed1-87fa-9a946097fbbf}</UniqueIdentifier>
    </Filter>
    <Filter Include="oak\ecs">
      <UniqueIdentifier>{385d3150-6d1c-468b-b7bd-13540d15ad45}</UniqueIdentifier>
    </Filter>
    <Filter Include="oak\input">
      <UniqueIdentifier>{19f88e4b-e5a9-47aa-8098-2df502415d3e}</UniqueIdentifier>
    </Filter>
    <Filter Include="oak\old">
      <UniqueIdentifier>{46a9c111-1a89-46ea-863e-c7ceaa12d406}</UniqueIdentifier>
    </Filter>
    <Filter Include="oak\player">
      <UniqueIdentifier>{0c82bb26-a252-43fb-bd9d-c9685f44729b}</UniqueIdentifier>
    </Filter>
    <Filter Include="oak\scene">
      <UniqueIdentifier>{cadaa787-f56c-4696-af09-1a8ca251aaf3}</UniqueIdentifier>
    </Filter>
    <Filter Include="oak\time">
      <UniqueIdentifier>{10d100e9-5957-4631-8408-c4d3ba9566dd}</UniqueIdentifier>
    </Filter>
    <Filter Include="oak\window">
      <UniqueIdentifier>{205b23a6-fcac-4e07-b628-0225ed35d8a6}</UniqueIdentifier>
    </Filter>
    <Filter Include="oak\tiles">
      <UniqueIdentifier>{b9c38b75-ae2b-438a-96ff-c35638496c32}</UniqueIdentifier>
    </Filter>
    <Filter Include="resources">
      <UniqueIdentifier>{69af7d94-7ee8-4683-bacc-ebdd5106eefc}</UniqueIdentifier>
    </Filter>
    <Filter Include="resources\shaders">
      <UniqueIdentifier>{c846c93e-c448-4e9c-8e9b-6003246354f1}</UniqueIdentifier>
    </Filter>
    <Filter Include="projects\chess">
      <UniqueIdentifier>{ce7278ab-5622-41ba-ade4-093f6aeabe39}</UniqueIdentifier>
    </Filter>
    <Filter Include="lua">
      <UniqueIdentifier>{474cb757-f18a-42f7-bdfb-afae49d6e620}</UniqueIdentifier>
    </Filter>
    <Filter Include="oak\lua">
      <UniqueIdentifier>{e05962f4-a55c-49d8-9a30-ba7cb833e042}</UniqueIdentifier>
    </Filter>
  </ItemGroup>
  <ItemGroup>
    <ClInclude Include="..\engine\oak\debug.h">
      <Filter>oak</Filter>
    </ClInclude>
    <ClInclude Include="..\engine\oak\oak.h">
      <Filter>oak</Filter>
    </ClInclude>
    <ClInclude Include="..\engine\oak\oak_def.h">
      <Filter>oak</Filter>
    </ClInclude>
    <ClInclude Include="..\engine\oak\oak_setup.h">
      <Filter>oak</Filter>
    </ClInclude>
    <ClInclude Include="..\engine\oak\collision\base_collision_shape.h">
      <Filter>oak\collision</Filter>
    </ClInclude>
    <ClInclude Include="..\engine\oak\collision\collision.h">
      <Filter>oak\collision</Filter>
    </ClInclude>
    <ClInclude Include="..\engine\oak\collision\collision_circle.h">
      <Filter>oak\collision</Filter>
    </ClInclude>
    <ClInclude Include="..\engine\oak\collision\collision_layer.h">
      <Filter>oak\collision</Filter>
    </ClInclude>
    <ClInclude Include="..\engine\oak\collision\collision_rect.h">
      <Filter>oak\collision</Filter>
    </ClInclude>
    <ClInclude Include="..\engine\oak\components\animator.h">
      <Filter>oak\components</Filter>
    </ClInclude>
    <ClInclude Include="..\engine\oak\components\base_rigid_body.h">
      <Filter>oak\components</Filter>
    </ClInclude>
    <ClInclude Include="..\engine\oak\components\rigid_body_2d.h">
      <Filter>oak\components</Filter>
    </ClInclude>
    <ClInclude Include="..\engine\oak\components\sprite.h">
      <Filter>oak\components</Filter>
    </ClInclude>
    <ClInclude Include="..\engine\oak\components\sprite_animation.h">
      <Filter>oak\components</Filter>
    </ClInclude>
    <ClInclude Include="..\engine\oak\debug\debug_input.h">
      <Filter>oak\debug</Filter>
    </ClInclude>
    <ClInclude Include="..\engine\oak\debug\logger.h">
      <Filter>oak\debug</Filter>
    </ClInclude>
    <ClInclude Include="..\engine\oak\ui\color.h">
      <Filter>oak\ui</Filter>
    </ClInclude>
    <ClInclude Include="..\engine\oak\ui\font.h">
      <Filter>oak\ui</Filter>
    </ClInclude>
    <ClInclude Include="..\engine\oak\ui\localization.h">
      <Filter>oak\ui</Filter>
    </ClInclude>
    <ClInclude Include="..\engine\oak\ui\style.h">
      <Filter>oak\ui</Filter>
    </ClInclude>
    <ClInclude Include="..\engine\oak\ui\style_loader.h">
      <Filter>oak\ui</Filter>
    </ClInclude>
    <ClInclude Include="..\engine\oak\ui\style_parser.h">
      <Filter>oak\ui</Filter>
    </ClInclude>
    <ClInclude Include="..\engine\oak\ui\ui.h">
      <Filter>oak\ui</Filter>
    </ClInclude>
    <ClInclude Include="..\engine\oak\ui\ui_canvas.h">
      <Filter>oak\ui</Filter>
    </ClInclude>
    <ClInclude Include="..\engine\oak\ui\ui_character.h">
      <Filter>oak\ui</Filter>
    </ClInclude>
    <ClInclude Include="..\engine\oak\ui\ui_component.h">
      <Filter>oak\ui</Filter>
    </ClInclude>
    <ClInclude Include="..\engine\oak\ui\ui_def.h">
      <Filter>oak\ui</Filter>
    </ClInclude>
    <ClInclude Include="..\engine\oak\ui\ui_div.h">
      <Filter>oak\ui</Filter>
    </ClInclude>
    <ClInclude Include="..\engine\oak\ui\ui_image.h">
      <Filter>oak\ui</Filter>
    </ClInclude>
    <ClInclude Include="..\engine\oak\ui\ui_label.h">
      <Filter>oak\ui</Filter>
    </ClInclude>
    <ClInclude Include="..\engine\oak\ui\ui_node.h">
      <Filter>oak\ui</Filter>
    </ClInclude>
    <ClInclude Include="..\engine\oak\ui\ui_point.h">
      <Filter>oak\ui</Filter>
    </ClInclude>
    <ClInclude Include="..\engine\oak\xml\xml_node.h">
      <Filter>oak\xml</Filter>
    </ClInclude>
    <ClInclude Include="..\engine\oak\xml\xml_parser.h">
      <Filter>oak\xml</Filter>
    </ClInclude>
    <ClInclude Include="..\engine\oak\meta\meta.h">
      <Filter>oak\meta</Filter>
    </ClInclude>
    <ClInclude Include="..\engine\oak\meta\meta_def.h">
      <Filter>oak\meta</Filter>
    </ClInclude>
    <ClInclude Include="..\engine\oak\meta\var.h">
      <Filter>oak\meta</Filter>
    </ClInclude>
    <ClInclude Include="..\engine\oak\meta\var_base.h">
      <Filter>oak\meta</Filter>
    </ClInclude>
    <ClInclude Include="..\engine\oak\meta\var_object.h">
      <Filter>oak\meta</Filter>
    </ClInclude>
    <ClInclude Include="..\engine\oak\event\event.h">
      <Filter>oak\event</Filter>
    </ClInclude>
    <ClInclude Include="..\engine\oak\event\event_manager.h">
      <Filter>oak\event</Filter>
    </ClInclude>
    <ClInclude Include="..\engine\oak\assets\asset.h">
      <Filter>oak\assets</Filter>
    </ClInclude>
    <ClInclude Include="..\engine\oak\assets\shader.h">
      <Filter>oak\assets</Filter>
    </ClInclude>
    <ClInclude Include="..\engine\oak\assets\stb_image.h">
      <Filter>oak\assets</Filter>
    </ClInclude>
    <ClInclude Include="..\engine\oak\assets\texture.h">
      <Filter>oak\assets</Filter>
    </ClInclude>
    <ClInclude Include="..\engine\oak\ecs\component.h">
      <Filter>oak\ecs</Filter>
    </ClInclude>
    <ClInclude Include="..\engine\oak\ecs\entity.h">
      <Filter>oak\ecs</Filter>
    </ClInclude>
    <ClInclude Include="..\engine\oak\ecs\entity_manager.h">
      <Filter>oak\ecs</Filter>
    </ClInclude>
    <ClInclude Include="..\engine\oak\ecs\id_generator.h">
      <Filter>oak\ecs</Filter>
    </ClInclude>
    <ClInclude Include="..\engine\oak\input\input.h">
      <Filter>oak\input</Filter>
    </ClInclude>
    <ClInclude Include="..\engine\oak\input\key_buffer.h">
      <Filter>oak\input</Filter>
    </ClInclude>
    <ClInclude Include="..\engine\oak\input\key_codes.h">
      <Filter>oak\input</Filter>
    </ClInclude>
    <ClInclude Include="..\engine\oak\old\bounds.h">
      <Filter>oak\old</Filter>
    </ClInclude>
    <ClInclude Include="..\engine\oak\old\ray.h">
      <Filter>oak\old</Filter>
    </ClInclude>
    <ClInclude Include="..\engine\oak\player\command.h">
      <Filter>oak\player</Filter>
    </ClInclude>
    <ClInclude Include="..\engine\oak\player\player_resource.h">
      <Filter>oak\player</Filter>
    </ClInclude>
    <ClInclude Include="..\engine\oak\scene\camera.h">
      <Filter>oak\scene</Filter>
    </ClInclude>
    <ClInclude Include="..\engine\oak\scene\precache.h">
      <Filter>oak\scene</Filter>
    </ClInclude>
    <ClInclude Include="..\engine\oak\scene\scene.h">
      <Filter>oak\scene</Filter>
    </ClInclude>
    <ClInclude Include="..\engine\oak\scene\scene_manager.h">
      <Filter>oak\scene</Filter>
    </ClInclude>
    <ClInclude Include="..\engine\oak\time\fps_limiter.h">
      <Filter>oak\time</Filter>
    </ClInclude>
    <ClInclude Include="..\engine\oak\time\interval_ticker.h">
      <Filter>oak\time</Filter>
    </ClInclude>
    <ClInclude Include="..\engine\oak\time\time.h">
      <Filter>oak\time</Filter>
    </ClInclude>
    <ClInclude Include="..\engine\oak\window\window.h">
      <Filter>oak\window</Filter>
    </ClInclude>
    <ClInclude Include="..\engine\oak\core\fmath.h">
      <Filter>oak\core</Filter>
    </ClInclude>
    <ClInclude Include="..\engine\oak\core\oakitus.h">
      <Filter>oak\core</Filter>
    </ClInclude>
    <ClInclude Include="..\engine\oak\core\resources.h">
      <Filter>oak\core</Filter>
    </ClInclude>
    <ClInclude Include="..\engine\oak\core\string_help.h">
      <Filter>oak\core</Filter>
    </ClInclude>
    <ClInclude Include="..\engine\oak\core\types.h">
      <Filter>oak\core</Filter>
    </ClInclude>
    <ClInclude Include="..\engine\oak\input\point.h">
      <Filter>oak\input</Filter>
    </ClInclude>
    <ClInclude Include="..\engine\oak\build_def.h">
      <Filter>oak</Filter>
    </ClInclude>
    <ClInclude Include="..\engine\oak\core\kvmap.h">
      <Filter>oak\core</Filter>
    </ClInclude>
    <ClInclude Include="..\engine\oak\tiles\tile.h">
      <Filter>oak\tiles</Filter>
    </ClInclude>
    <ClInclude Include="..\engine\oak\tiles\world.h">
      <Filter>oak\tiles</Filter>
    </ClInclude>
    <ClInclude Include="..\engine\oak\components\transform.h">
      <Filter>oak\components</Filter>
    </ClInclude>
    <ClInclude Include="..\engine\oak\tiles\chunk.h">
      <Filter>oak\tiles</Filter>
    </ClInclude>
    <ClInclude Include="..\engine\oak\tiles\chunk_renderer.h">
      <Filter>oak\tiles</Filter>
    </ClInclude>
    <ClInclude Include="..\engine\oak\collision\physics.h">
      <Filter>oak\collision</Filter>
    </ClInclude>
    <ClInclude Include="..\engine\lua\lparser.h">
      <Filter>lua</Filter>
    </ClInclude>
    <ClInclude Include="..\engine\lua\lprefix.h">
      <Filter>lua</Filter>
    </ClInclude>
    <ClInclude Include="..\engine\lua\lstate.h">
      <Filter>lua</Filter>
    </ClInclude>
    <ClInclude Include="..\engine\lua\lstring.h">
      <Filter>lua</Filter>
    </ClInclude>
    <ClInclude Include="..\engine\lua\ltable.h">
      <Filter>lua</Filter>
    </ClInclude>
    <ClInclude Include="..\engine\lua\ltm.h">
      <Filter>lua</Filter>
    </ClInclude>
    <ClInclude Include="..\engine\lua\lua.h">
      <Filter>lua</Filter>
    </ClInclude>
    <ClInclude Include="..\engine\lua\lua.hpp">
      <Filter>lua</Filter>
    </ClInclude>
    <ClInclude Include="..\engine\lua\luaconf.h">
      <Filter>lua</Filter>
    </ClInclude>
    <ClInclude Include="..\engine\lua\lualib.h">
      <Filter>lua</Filter>
    </ClInclude>
    <ClInclude Include="..\engine\lua\lundump.h">
      <Filter>lua</Filter>
    </ClInclude>
    <ClInclude Include="..\engine\lua\lvm.h">
      <Filter>lua</Filter>
    </ClInclude>
    <ClInclude Include="..\engine\lua\lzio.h">
      <Filter>lua</Filter>
    </ClInclude>
    <ClInclude Include="..\engine\lua\lapi.h">
      <Filter>lua</Filter>
    </ClInclude>
    <ClInclude Include="..\engine\lua\lauxlib.h">
      <Filter>lua</Filter>
    </ClInclude>
    <ClInclude Include="..\engine\lua\lcode.h">
      <Filter>lua</Filter>
    </ClInclude>
    <ClInclude Include="..\engine\lua\lctype.h">
      <Filter>lua</Filter>
    </ClInclude>
    <ClInclude Include="..\engine\lua\ldebug.h">
      <Filter>lua</Filter>
    </ClInclude>
    <ClInclude Include="..\engine\lua\ldo.h">
      <Filter>lua</Filter>
    </ClInclude>
    <ClInclude Include="..\engine\lua\lfunc.h">
      <Filter>lua</Filter>
    </ClInclude>
    <ClInclude Include="..\engine\lua\lgc.h">
      <Filter>lua</Filter>
    </ClInclude>
    <ClInclude Include="..\engine\lua\llex.h">
      <Filter>lua</Filter>
    </ClInclude>
    <ClInclude Include="..\engine\lua\llimits.h">
      <Filter>lua</Filter>
    </ClInclude>
    <ClInclude Include="..\engine\lua\lmem.h">
      <Filter>lua</Filter>
    </ClInclude>
    <ClInclude Include="..\engine\lua\lobject.h">
      <Filter>lua</Filter>
    </ClInclude>
    <ClInclude Include="..\engine\lua\lopcodes.h">
      <Filter>lua</Filter>
    </ClInclude>
    <ClInclude Include="..\engine\oak\lua\lua_scene.h">
      <Filter>oak\lua</Filter>
    </ClInclude>
    <ClInclude Include="..\engine\oak\lua\lua_loader.h">
      <Filter>oak\lua</Filter>
    </ClInclude>
    <ClInclude Include="..\engine\oak\core\config.h">
      <Filter>oak\core</Filter>
    </ClInclude>
    <ClInclude Include="..\engine\oak\lua\lua_script.h">
      <Filter>oak\lua</Filter>
    </ClInclude>
    <ClInclude Include="..\engine\oak\lua\lua_input.h">
      <Filter>oak\lua</Filter>
    </ClInclude>
    <ClInclude Include="..\engine\oak\lua\lua_bindings.h">
      <Filter>oak\lua</Filter>
    </ClInclude>
    <ClInclude Include="..\engine\oak\lua\lua_entity.h">
      <Filter>oak\lua</Filter>
    </ClInclude>
    <ClInclude Include="..\engine\oak\lua\lua_global.h">
      <Filter>oak\lua</Filter>
    </ClInclude>
    <ClInclude Include="..\engine\oak\lua\lua_vector.h">
      <Filter>oak\lua</Filter>
    </ClInclude>
    <ClInclude Include="..\engine\oak\lua\lua_sprite.h">
      <Filter>oak\lua</Filter>
    </ClInclude>
    <ClInclude Include="..\engine\oak\lua\lua_constants.h">
      <Filter>oak\lua</Filter>
    </ClInclude>
  </ItemGroup>
  <ItemGroup>
    <ClCompile Include="..\engine\oak\collision\base_collision_shape.cpp">
      <Filter>oak\collision</Filter>
    </ClCompile>
    <ClCompile Include="..\engine\oak\collision\collision.cpp">
      <Filter>oak\collision</Filter>
    </ClCompile>
    <ClCompile Include="..\engine\oak\collision\collision_circle.cpp">
      <Filter>oak\collision</Filter>
    </ClCompile>
    <ClCompile Include="..\engine\oak\collision\collision_rect.cpp">
      <Filter>oak\collision</Filter>
    </ClCompile>
    <ClCompile Include="..\engine\oak\components\animator.cpp">
      <Filter>oak\components</Filter>
    </ClCompile>
    <ClCompile Include="..\engine\oak\components\base_rigid_body.cpp">
      <Filter>oak\components</Filter>
    </ClCompile>
    <ClCompile Include="..\engine\oak\components\rigid_body_2d.cpp">
      <Filter>oak\components</Filter>
    </ClCompile>
    <ClCompile Include="..\engine\oak\components\sprite_animation.cpp">
      <Filter>oak\components</Filter>
    </ClCompile>
    <ClCompile Include="..\engine\oak\debug\debug_input.cpp">
      <Filter>oak\debug</Filter>
    </ClCompile>
    <ClCompile Include="..\engine\oak\debug\logger.cpp">
      <Filter>oak\debug</Filter>
    </ClCompile>
    <ClCompile Include="..\engine\oak\ui\font.cpp">
      <Filter>oak\ui</Filter>
    </ClCompile>
    <ClCompile Include="..\engine\oak\ui\localization.cpp">
      <Filter>oak\ui</Filter>
    </ClCompile>
    <ClCompile Include="..\engine\oak\ui\style.cpp">
      <Filter>oak\ui</Filter>
    </ClCompile>
    <ClCompile Include="..\engine\oak\ui\style_loader.cpp">
      <Filter>oak\ui</Filter>
    </ClCompile>
    <ClCompile Include="..\engine\oak\ui\style_parser.cpp">
      <Filter>oak\ui</Filter>
    </ClCompile>
    <ClCompile Include="..\engine\oak\ui\ui_canvas.cpp">
      <Filter>oak\ui</Filter>
    </ClCompile>
    <ClCompile Include="..\engine\oak\ui\ui_component.cpp">
      <Filter>oak\ui</Filter>
    </ClCompile>
    <ClCompile Include="..\engine\oak\ui\ui_div.cpp">
      <Filter>oak\ui</Filter>
    </ClCompile>
    <ClCompile Include="..\engine\oak\ui\ui_image.cpp">
      <Filter>oak\ui</Filter>
    </ClCompile>
    <ClCompile Include="..\engine\oak\ui\ui_label.cpp">
      <Filter>oak\ui</Filter>
    </ClCompile>
    <ClCompile Include="..\engine\oak\ui\ui_node.cpp">
      <Filter>oak\ui</Filter>
    </ClCompile>
    <ClCompile Include="..\engine\oak\xml\xml_node.cpp">
      <Filter>oak\xml</Filter>
    </ClCompile>
    <ClCompile Include="..\engine\oak\xml\xml_parser.cpp">
      <Filter>oak\xml</Filter>
    </ClCompile>
    <ClCompile Include="..\main.cpp" />
    <ClCompile Include="..\glad.c" />
    <ClCompile Include="..\engine\oak\meta\meta.cpp">
      <Filter>oak\meta</Filter>
    </ClCompile>
    <ClCompile Include="..\engine\oak\meta\var.cpp">
      <Filter>oak\meta</Filter>
    </ClCompile>
    <ClCompile Include="..\engine\oak\meta\var_object.cpp">
      <Filter>oak\meta</Filter>
    </ClCompile>
    <ClCompile Include="..\engine\oak\event\event_manager.cpp">
      <Filter>oak\event</Filter>
    </ClCompile>
    <ClCompile Include="..\engine\oak\assets\asset.cpp">
      <Filter>oak\assets</Filter>
    </ClCompile>
    <ClCompile Include="..\engine\oak\assets\shader.cpp">
      <Filter>oak\assets</Filter>
    </ClCompile>
    <ClCompile Include="..\engine\oak\assets\texture.cpp">
      <Filter>oak\assets</Filter>
    </ClCompile>
    <ClCompile Include="..\engine\oak\ecs\component.cpp">
      <Filter>oak\ecs</Filter>
    </ClCompile>
    <ClCompile Include="..\engine\oak\ecs\entity.cpp">
      <Filter>oak\ecs</Filter>
    </ClCompile>
    <ClCompile Include="..\engine\oak\ecs\entity_manager.cpp">
      <Filter>oak\ecs</Filter>
    </ClCompile>
    <ClCompile Include="..\engine\oak\input\input.cpp">
      <Filter>oak\input</Filter>
    </ClCompile>
    <ClCompile Include="..\engine\oak\input\key_buffer.cpp">
      <Filter>oak\input</Filter>
    </ClCompile>
    <ClCompile Include="..\engine\oak\old\bounds.cpp">
      <Filter>oak\old</Filter>
    </ClCompile>
    <ClCompile Include="..\engine\oak\old\ray.cpp">
      <Filter>oak\old</Filter>
    </ClCompile>
    <ClCompile Include="..\engine\oak\player\player.cpp">
      <Filter>oak\player</Filter>
    </ClCompile>
    <ClCompile Include="..\engine\oak\player\player_resource.cpp">
      <Filter>oak\player</Filter>
    </ClCompile>
    <ClCompile Include="..\engine\oak\scene\camera.cpp">
      <Filter>oak\scene</Filter>
    </ClCompile>
    <ClCompile Include="..\engine\oak\scene\scene.cpp">
      <Filter>oak\scene</Filter>
    </ClCompile>
    <ClCompile Include="..\engine\oak\scene\scene_manager.cpp">
      <Filter>oak\scene</Filter>
    </ClCompile>
    <ClCompile Include="..\engine\oak\time\fps_limiter.cpp">
      <Filter>oak\time</Filter>
    </ClCompile>
    <ClCompile Include="..\engine\oak\time\interval_ticker.cpp">
      <Filter>oak\time</Filter>
    </ClCompile>
    <ClCompile Include="..\engine\oak\time\time.cpp">
      <Filter>oak\time</Filter>
    </ClCompile>
    <ClCompile Include="..\engine\oak\window\window.cpp">
      <Filter>oak\window</Filter>
    </ClCompile>
    <ClCompile Include="..\engine\oak\core\oakitus.cpp">
      <Filter>oak\core</Filter>
    </ClCompile>
    <ClCompile Include="..\engine\oak\core\resources.cpp">
      <Filter>oak\core</Filter>
    </ClCompile>
    <ClCompile Include="..\engine\oak\tiles\tile.cpp">
      <Filter>oak\tiles</Filter>
    </ClCompile>
    <ClCompile Include="..\engine\oak\tiles\world.cpp">
      <Filter>oak\tiles</Filter>
    </ClCompile>
    <ClCompile Include="..\engine\oak\components\sprite.cpp">
      <Filter>oak\components</Filter>
    </ClCompile>
    <ClCompile Include="..\engine\oak\components\transform.cpp">
      <Filter>oak\components</Filter>
    </ClCompile>
    <ClCompile Include="..\engine\oak\tiles\chunk.cpp">
      <Filter>oak\tiles</Filter>
    </ClCompile>
    <ClCompile Include="..\engine\oak\tiles\chunk_renderer.cpp">
      <Filter>oak\tiles</Filter>
    </ClCompile>
    <ClCompile Include="..\engine\oak\collision\physics.cpp">
      <Filter>oak\collision</Filter>
    </ClCompile>
    <ClCompile Include="..\engine\lua\loslib.c">
      <Filter>lua</Filter>
    </ClCompile>
    <ClCompile Include="..\engine\lua\lparser.c">
      <Filter>lua</Filter>
    </ClCompile>
    <ClCompile Include="..\engine\lua\lstate.c">
      <Filter>lua</Filter>
    </ClCompile>
    <ClCompile Include="..\engine\lua\lstring.c">
      <Filter>lua</Filter>
    </ClCompile>
    <ClCompile Include="..\engine\lua\lstrlib.c">
      <Filter>lua</Filter>
    </ClCompile>
    <ClCompile Include="..\engine\lua\ltable.c">
      <Filter>lua</Filter>
    </ClCompile>
    <ClCompile Include="..\engine\lua\ltablib.c">
      <Filter>lua</Filter>
    </ClCompile>
    <ClCompile Include="..\engine\lua\ltm.c">
      <Filter>lua</Filter>
    </ClCompile>
    <ClCompile Include="..\engine\lua\lundump.c">
      <Filter>lua</Filter>
    </ClCompile>
    <ClCompile Include="..\engine\lua\lutf8lib.c">
      <Filter>lua</Filter>
    </ClCompile>
    <ClCompile Include="..\engine\lua\lvm.c">
      <Filter>lua</Filter>
    </ClCompile>
    <ClCompile Include="..\engine\lua\lzio.c">
      <Filter>lua</Filter>
    </ClCompile>
    <ClCompile Include="..\engine\lua\lapi.c">
      <Filter>lua</Filter>
    </ClCompile>
    <ClCompile Include="..\engine\lua\lauxlib.c">
      <Filter>lua</Filter>
    </ClCompile>
    <ClCompile Include="..\engine\lua\lbaselib.c">
      <Filter>lua</Filter>
    </ClCompile>
    <ClCompile Include="..\engine\lua\lbitlib.c">
      <Filter>lua</Filter>
    </ClCompile>
    <ClCompile Include="..\engine\lua\lcode.c">
      <Filter>lua</Filter>
    </ClCompile>
    <ClCompile Include="..\engine\lua\lcorolib.c">
      <Filter>lua</Filter>
    </ClCompile>
    <ClCompile Include="..\engine\lua\lctype.c">
      <Filter>lua</Filter>
    </ClCompile>
    <ClCompile Include="..\engine\lua\ldblib.c">
      <Filter>lua</Filter>
    </ClCompile>
    <ClCompile Include="..\engine\lua\ldebug.c">
      <Filter>lua</Filter>
    </ClCompile>
    <ClCompile Include="..\engine\lua\ldo.c">
      <Filter>lua</Filter>
    </ClCompile>
    <ClCompile Include="..\engine\lua\ldump.c">
      <Filter>lua</Filter>
    </ClCompile>
    <ClCompile Include="..\engine\lua\lfunc.c">
      <Filter>lua</Filter>
    </ClCompile>
    <ClCompile Include="..\engine\lua\lgc.c">
      <Filter>lua</Filter>
    </ClCompile>
    <ClCompile Include="..\engine\lua\linit.c">
      <Filter>lua</Filter>
    </ClCompile>
    <ClCompile Include="..\engine\lua\liolib.c">
      <Filter>lua</Filter>
    </ClCompile>
    <ClCompile Include="..\engine\lua\llex.c">
      <Filter>lua</Filter>
    </ClCompile>
    <ClCompile Include="..\engine\lua\lmathlib.c">
      <Filter>lua</Filter>
    </ClCompile>
    <ClCompile Include="..\engine\lua\lmem.c">
      <Filter>lua</Filter>
    </ClCompile>
    <ClCompile Include="..\engine\lua\loadlib.c">
      <Filter>lua</Filter>
    </ClCompile>
    <ClCompile Include="..\engine\lua\lobject.c">
      <Filter>lua</Filter>
    </ClCompile>
    <ClCompile Include="..\engine\lua\lopcodes.c">
      <Filter>lua</Filter>
    </ClCompile>
    <ClCompile Include="..\engine\oak\lua\lua_scene.cpp">
      <Filter>oak\lua</Filter>
    </ClCompile>
    <ClCompile Include="..\engine\oak\lua\lua_loader.cpp">
      <Filter>oak\lua</Filter>
    </ClCompile>
    <ClCompile Include="..\engine\oak\lua\lua_script.cpp">
      <Filter>oak\lua</Filter>
    </ClCompile>
    <ClCompile Include="..\engine\oak\lua\lua_input.cpp">
      <Filter>oak\lua</Filter>
    </ClCompile>
    <ClCompile Include="..\engine\oak\lua\lua_bindings.cpp">
      <Filter>oak\lua</Filter>
    </ClCompile>
    <ClCompile Include="..\engine\oak\lua\lua_entity.cpp">
      <Filter>oak\lua</Filter>
    </ClCompile>
    <ClCompile Include="..\engine\oak\lua\lua_vector.cpp">
      <Filter>oak\lua</Filter>
    </ClCompile>
    <ClCompile Include="..\engine\oak\lua\lua_global.cpp">
      <Filter>oak\lua</Filter>
    </ClCompile>
    <ClCompile Include="..\engine\oak\lua\lua_sprite.cpp">
      <Filter>oak\lua</Filter>
    </ClCompile>
  </ItemGroup>
  <ItemGroup>
    <None Include="..\resources\shaders\collision.fs">
      <Filter>resources\shaders</Filter>
    </None>
    <None Include="..\resources\shaders\collision.vs">
      <Filter>resources\shaders</Filter>
    </None>
    <None Include="..\resources\shaders\default.fs">
      <Filter>resources\shaders</Filter>
    </None>
    <None Include="..\resources\shaders\default.vs">
      <Filter>resources\shaders</Filter>
    </None>
    <None Include="..\resources\shaders\text.fs">
      <Filter>resources\shaders</Filter>
    </None>
    <None Include="..\resources\shaders\text.vs">
      <Filter>resources\shaders</Filter>
    </None>
  </ItemGroup>
</Project>